
Microsoft Visual Studio Solution File, Format Version 12.00
# Visual Studio Version 17
VisualStudioVersion = 17.3.32922.545
MinimumVisualStudioVersion = 10.0.40219.1
Project("{FAE04EC0-301F-11D3-BF4B-00C04F79EFBC}") = "StoryWriter", "StoryWriter.csproj", "{AC70A116-5554-4084-AF36-AC7C428BA585}"
EndProject
Global
	GlobalSection(SolutionConfigurationPlatforms) = preSolution
		Debug|Any CPU = Debug|Any CPU
		Release|Any CPU = Release|Any CPU
	EndGlobalSection
	GlobalSection(ProjectConfigurationPlatforms) = postSolution
		{AC70A116-5554-4084-AF36-AC7C428BA585}.Debug|Any CPU.ActiveCfg = Debug|Any CPU
		{AC70A116-5554-4084-AF36-AC7C428BA585}.Debug|Any CPU.Build.0 = Debug|Any CPU
		{AC70A116-5554-4084-AF36-AC7C428BA585}.Release|Any CPU.ActiveCfg = Release|Any CPU
		{AC70A116-5554-4084-AF36-AC7C428BA585}.Release|Any CPU.Build.0 = Release|Any CPU
	EndGlobalSection
	GlobalSection(SolutionProperties) = preSolution
		HideSolutionNode = FALSE
	EndGlobalSection
	GlobalSection(ExtensibilityGlobals) = postSolution
		SolutionGuid = {059A0A28-5D89-43B8-A415-0CB0E2CEC1A9}
	EndGlobalSection
EndGlobal
